PODS:
  - device_info_plus (0.0.1):
    - Flutter
  - Flutter (1.0.0)
  - flutter_udid (0.0.1):
    - Flutter
    - SAMKeychain
  - path_provider_foundation (0.0.1):
    - Flutter
    - FlutterMacOS
  - purchases_flutter (8.10.6):
    - Flutter
    - PurchasesHybridCommon (= 14.2.0)
  - PurchasesHybridCommon (14.2.0):
    - RevenueCat (= 5.32.0)
  - RevenueCat (5.32.0)
  - SAMKeychain (1.5.3)
  - share_plus (0.0.1):
    - Flutter
  - shared_preferences_foundation (0.0.1):
    - Flutter
    - FlutterMacOS
  - url_launcher_ios (0.0.1):
    - Flutter

DEPENDENCIES:
  - device_info_plus (from `.symlinks/plugins/device_info_plus/ios`)
  - Flutter (from `Flutter`)
  - flutter_udid (from `.symlinks/plugins/flutter_udid/ios`)
  - path_provider_foundation (from `.symlinks/plugins/path_provider_foundation/darwin`)
  - purchases_flutter (from `.symlinks/plugins/purchases_flutter/ios`)
  - share_plus (from `.symlinks/plugins/share_plus/ios`)
  - shared_preferences_foundation (from `.symlinks/plugins/shared_preferences_foundation/darwin`)
  - url_launcher_ios (from `.symlinks/plugins/url_launcher_ios/ios`)

SPEC REPOS:
  trunk:
    - PurchasesHybridCommon
    - RevenueCat
    - SAMKeychain

EXTERNAL SOURCES:
  device_info_plus:
    :path: ".symlinks/plugins/device_info_plus/ios"
  Flutter:
    :path: Flutter
  flutter_udid:
    :path: ".symlinks/plugins/flutter_udid/ios"
  path_provider_foundation:
    :path: ".symlinks/plugins/path_provider_foundation/darwin"
  purchases_flutter:
    :path: ".symlinks/plugins/purchases_flutter/ios"
  share_plus:
    :path: ".symlinks/plugins/share_plus/ios"
  shared_preferences_foundation:
    :path: ".symlinks/plugins/shared_preferences_foundation/darwin"
  url_launcher_ios:
    :path: ".symlinks/plugins/url_launcher_ios/ios"

SPEC CHECKSUMS:
  device_info_plus: 21fcca2080fbcd348be798aa36c3e5ed849eefbe
  Flutter: e0871f40cf51350855a761d2e70bf5af5b9b5de7
  flutter_udid: f7c3884e6ec2951efe4f9de082257fc77c4d15e9
  path_provider_foundation: 080d55be775b7414fd5a5ef3ac137b97b097e564
  purchases_flutter: 7f2f923fde8ab75125c3e85522a43f6ed1253580
  PurchasesHybridCommon: f1650b33e9a1dd04d5e8a40dfe757f39e63f935c
  RevenueCat: 7e1d0768fb287c9983173c9b28e39ccbeeb828a9
  SAMKeychain: 483e1c9f32984d50ca961e26818a534283b4cd5c
  share_plus: 50da8cb520a8f0f65671c6c6a99b3617ed10a58a
  shared_preferences_foundation: 9e1978ff2562383bd5676f64ec4e9aa8fa06a6f7
  url_launcher_ios: 694010445543906933d732453a59da0a173ae33d

PODFILE CHECKSUM: 4305caec6b40dde0ae97be1573c53de1882a07e5

COCOAPODS: 1.16.2
